
Microsoft Visual Studio Solution File, Format Version 12.00
# Visual Studio Version 17
VisualStudioVersion = 17.8.34408.163
MinimumVisualStudioVersion = 10.0.40219.1
Project("{FAE04EC0-301F-11D3-BF4B-00C04F79EFBC}") = "2212453_NgoBaTai_Bai1", "2212453_NgoBaTai_Bai1\2212453_NgoBaTai_Bai1.csproj", "{9954BB7D-5CE0-4738-96E2-70001071E426}"
EndProject
Project("{FAE04EC0-301F-11D3-BF4B-00C04F79EFBC}") = "2212453_NgoBaTai_Bai2", "2212453_NgoBaTai_Bai2\2212453_NgoBaTai_Bai2.csproj", "{91C06E10-5FF6-42D3-BF32-E93AA6F0BFAE}"
EndProject
Project("{FAE04EC0-301F-11D3-BF4B-00C04F79EFBC}") = "2212453_NgoBaTai_Part2", "2212453_NgoBaTai_Part2\2212453_NgoBaTai_Part2.csproj", "{1FE25730-B161-4162-9165-5DEFC60E12A1}"
EndProject
Project("{FAE04EC0-301F-11D3-BF4B-00C04F79EFBC}") = "2212453_NgoBaTai_Part3", "2212453_NgoBaTai_Part3\2212453_NgoBaTai_Part3.csproj", "{8751170A-E2B8-4587-8418-E4A7472529AA}"
EndProject
Project("{FAE04EC0-301F-11D3-BF4B-00C04F79EFBC}") = "2212453_NgoBaTai_Part3_BT2", "2212453_NgoBaTai_Part3_BT2\2212453_NgoBaTai_Part3_BT2.csproj", "{2F9F297C-5F2F-440C-96EA-79FB60B7183A}"
EndProject
Project("{FAE04EC0-301F-11D3-BF4B-00C04F79EFBC}") = "2212453_NgoBaTai_Part3_BT3", "2212453_NgoBaTai_Part3_BT3\2212453_NgoBaTai_Part3_BT3.csproj", "{BDD64BA4-DDA1-4CED-925C-D089DAA2FEC5}"
EndProject
Project("{FAE04EC0-301F-11D3-BF4B-00C04F79EFBC}") = "2212453_NgoBaTai_Part3_BT4", "2212453_NgoBaTai_Part3_BT4\2212453_NgoBaTai_Part3_BT4.csproj", "{2A0A0596-5D49-4883-A2B9-28FCB24B6541}"
EndProject
Global
	GlobalSection(SolutionConfigurationPlatforms) = preSolution
		Debug|Any CPU = Debug|Any CPU
		Release|Any CPU = Release|Any CPU
	EndGlobalSection
	GlobalSection(ProjectConfigurationPlatforms) = postSolution
		{9954BB7D-5CE0-4738-96E2-70001071E426}.Debug|Any CPU.ActiveCfg = Debug|Any CPU
		{9954BB7D-5CE0-4738-96E2-70001071E426}.Debug|Any CPU.Build.0 = Debug|Any CPU
		{9954BB7D-5CE0-4738-96E2-70001071E426}.Release|Any CPU.ActiveCfg = Release|Any CPU
		{9954BB7D-5CE0-4738-96E2-70001071E426}.Release|Any CPU.Build.0 = Release|Any CPU
		{91C06E10-5FF6-42D3-BF32-E93AA6F0BFAE}.Debug|Any CPU.ActiveCfg = Debug|Any CPU
		{91C06E10-5FF6-42D3-BF32-E93AA6F0BFAE}.Debug|Any CPU.Build.0 = Debug|Any CPU
		{91C06E10-5FF6-42D3-BF32-E93AA6F0BFAE}.Release|Any CPU.ActiveCfg = Release|Any CPU
		{91C06E10-5FF6-42D3-BF32-E93AA6F0BFAE}.Release|Any CPU.Build.0 = Release|Any CPU
		{1FE25730-B161-4162-9165-5DEFC60E12A1}.Debug|Any CPU.ActiveCfg = Debug|Any CPU
		{1FE25730-B161-4162-9165-5DEFC60E12A1}.Debug|Any CPU.Build.0 = Debug|Any CPU
		{1FE25730-B161-4162-9165-5DEFC60E12A1}.Release|Any CPU.ActiveCfg = Release|Any CPU
		{1FE25730-B161-4162-9165-5DEFC60E12A1}.Release|Any CPU.Build.0 = Release|Any CPU
		{8751170A-E2B8-4587-8418-E4A7472529AA}.Debug|Any CPU.ActiveCfg = Debug|Any CPU
		{8751170A-E2B8-4587-8418-E4A7472529AA}.Debug|Any CPU.Build.0 = Debug|Any CPU
		{8751170A-E2B8-4587-8418-E4A7472529AA}.Release|Any CPU.ActiveCfg = Release|Any CPU
		{8751170A-E2B8-4587-8418-E4A7472529AA}.Release|Any CPU.Build.0 = Release|Any CPU
		{2F9F297C-5F2F-440C-96EA-79FB60B7183A}.Debug|Any CPU.ActiveCfg = Debug|Any CPU
		{2F9F297C-5F2F-440C-96EA-79FB60B7183A}.Debug|Any CPU.Build.0 = Debug|Any CPU
		{2F9F297C-5F2F-440C-96EA-79FB60B7183A}.Release|Any CPU.ActiveCfg = Release|Any CPU
		{2F9F297C-5F2F-440C-96EA-79FB60B7183A}.Release|Any CPU.Build.0 = Release|Any CPU
		{BDD64BA4-DDA1-4CED-925C-D089DAA2FEC5}.Debug|Any CPU.ActiveCfg = Debug|Any CPU
		{BDD64BA4-DDA1-4CED-925C-D089DAA2FEC5}.Debug|Any CPU.Build.0 = Debug|Any CPU
		{BDD64BA4-DDA1-4CED-925C-D089DAA2FEC5}.Release|Any CPU.ActiveCfg = Release|Any CPU
		{BDD64BA4-DDA1-4CED-925C-D089DAA2FEC5}.Release|Any CPU.Build.0 = Release|Any CPU
		{2A0A0596-5D49-4883-A2B9-28FCB24B6541}.Debug|Any CPU.ActiveCfg = Debug|Any CPU
		{2A0A0596-5D49-4883-A2B9-28FCB24B6541}.Debug|Any CPU.Build.0 = Debug|Any CPU
		{2A0A0596-5D49-4883-A2B9-28FCB24B6541}.Release|Any CPU.ActiveCfg = Release|Any CPU
		{2A0A0596-5D49-4883-A2B9-28FCB24B6541}.Release|Any CPU.Build.0 = Release|Any CPU
	EndGlobalSection
	GlobalSection(SolutionProperties) = preSolution
		HideSolutionNode = FALSE
	EndGlobalSection
	GlobalSection(ExtensibilityGlobals) = postSolution
		SolutionGuid = {0CB284D7-C702-44DA-AEC9-8DA22A9612B9}
	EndGlobalSection
EndGlobal
